
Microsoft Visual Studio Solution File, Format Version 12.00
# Visual Studio 14
VisualStudioVersion = 14.0.23107.0
MinimumVisualStudioVersion = 10.0.40219.1
Project("{FAE04EC0-301F-11D3-BF4B-00C04F79EFBC}") = "DroneEH.Sender", "DroneEH.Sender.csproj", "{4A302758-D76A-4BB2-8E50-955DBD198BCA}"
EndProject
Project("{FAE04EC0-301F-11D3-BF4B-00C04F79EFBC}") = "DroneEH.Common", "..\EventHubDemo.Common\EventHubDemo.Common\DroneEH.Common.csproj", "{0796FE7E-3666-44BC-A871-DE3EA3CD8777}"
EndProject
Global
	GlobalSection(SolutionConfigurationPlatforms) = preSolution
		Debug|Any CPU = Debug|Any CPU
		Release|Any CPU = Release|Any CPU
	EndGlobalSection
	GlobalSection(ProjectConfigurationPlatforms) = postSolution
		{4A302758-D76A-4BB2-8E50-955DBD198BCA}.Debug|Any CPU.ActiveCfg = Debug|Any CPU
		{4A302758-D76A-4BB2-8E50-955DBD198BCA}.Debug|Any CPU.Build.0 = Debug|Any CPU
		{4A302758-D76A-4BB2-8E50-955DBD198BCA}.Release|Any CPU.ActiveCfg = Release|Any CPU
		{4A302758-D76A-4BB2-8E50-955DBD198BCA}.Release|Any CPU.Build.0 = Release|Any CPU
		{0796FE7E-3666-44BC-A871-DE3EA3CD8777}.Debug|Any CPU.ActiveCfg = Debug|Any CPU
		{0796FE7E-3666-44BC-A871-DE3EA3CD8777}.Debug|Any CPU.Build.0 = Debug|Any CPU
		{0796FE7E-3666-44BC-A871-DE3EA3CD8777}.Release|Any CPU.ActiveCfg = Release|Any CPU
		{0796FE7E-3666-44BC-A871-DE3EA3CD8777}.Release|Any CPU.Build.0 = Release|Any CPU
	EndGlobalSection
	GlobalSection(SolutionProperties) = preSolution
		HideSolutionNode = FALSE
	EndGlobalSection
EndGlobal
