
Microsoft Visual Studio Solution File, Format Version 12.00
# Visual Studio 14
VisualStudioVersion = 14.0.23107.0
MinimumVisualStudioVersion = 10.0.40219.1
Project("{FAE04EC0-301F-11D3-BF4B-00C04F79EFBC}") = "CreateDroneIdentity", "CreateDroneIdentity\CreateDroneIdentity.csproj", "{4892B603-0D42-435A-9F13-853463A25C3D}"
EndProject
Project("{FAE04EC0-301F-11D3-BF4B-00C04F79EFBC}") = "ReadDroneToCloudMessages", "ReadDroneToCloudMessages\ReadDroneToCloudMessages.csproj", "{9746AEA4-59D5-4CA6-8738-0A1F36B0D4FD}"
EndProject
Project("{FAE04EC0-301F-11D3-BF4B-00C04F79EFBC}") = "SimulatedDrone", "SimulatedDrone\SimulatedDrone.csproj", "{5F330FF4-D36B-4A1E-BE80-A723A284E0D5}"
EndProject
Global
	GlobalSection(SolutionConfigurationPlatforms) = preSolution
		Debug|Any CPU = Debug|Any CPU
		Release|Any CPU = Release|Any CPU
	EndGlobalSection
	GlobalSection(ProjectConfigurationPlatforms) = postSolution
		{4892B603-0D42-435A-9F13-853463A25C3D}.Debug|Any CPU.ActiveCfg = Debug|Any CPU
		{4892B603-0D42-435A-9F13-853463A25C3D}.Debug|Any CPU.Build.0 = Debug|Any CPU
		{4892B603-0D42-435A-9F13-853463A25C3D}.Release|Any CPU.ActiveCfg = Release|Any CPU
		{4892B603-0D42-435A-9F13-853463A25C3D}.Release|Any CPU.Build.0 = Release|Any CPU
		{9746AEA4-59D5-4CA6-8738-0A1F36B0D4FD}.Debug|Any CPU.ActiveCfg = Debug|Any CPU
		{9746AEA4-59D5-4CA6-8738-0A1F36B0D4FD}.Debug|Any CPU.Build.0 = Debug|Any CPU
		{9746AEA4-59D5-4CA6-8738-0A1F36B0D4FD}.Release|Any CPU.ActiveCfg = Release|Any CPU
		{9746AEA4-59D5-4CA6-8738-0A1F36B0D4FD}.Release|Any CPU.Build.0 = Release|Any CPU
		{5F330FF4-D36B-4A1E-BE80-A723A284E0D5}.Debug|Any CPU.ActiveCfg = Debug|Any CPU
		{5F330FF4-D36B-4A1E-BE80-A723A284E0D5}.Debug|Any CPU.Build.0 = Debug|Any CPU
		{5F330FF4-D36B-4A1E-BE80-A723A284E0D5}.Release|Any CPU.ActiveCfg = Release|Any CPU
		{5F330FF4-D36B-4A1E-BE80-A723A284E0D5}.Release|Any CPU.Build.0 = Release|Any CPU
	EndGlobalSection
	GlobalSection(SolutionProperties) = preSolution
		HideSolutionNode = FALSE
	EndGlobalSection
EndGlobal
